{
  "name": "@openfeature/bucket-node-provider",
  "version": "0.0.1",
  "lockfileVersion": 3,
  "requires": true,
  "packages": {
    "": {
      "name": "@openfeature/bucket-node-provider",
      "version": "0.0.1",
      "dependencies": {
        "@bucketco/node-sdk": "^1.0.0"
      },
      "peerDependencies": {
        "@openfeature/server-sdk": "^1.13.0"
      }
    },
    "node_modules/@bucketco/flag-evaluation": {
      "version": "0.0.7",
      "resolved": "https://registry.npmjs.org/@bucketco/flag-evaluation/-/flag-evaluation-0.0.7.tgz",
      "integrity": "sha512-Rp+fEouTsFim0S4ZpWElaR1Yl9UxrPEN5TOXPAw41mnxXs67oHFhl2H34RiLkxrZoEC0grKWuCtBMWgJmudrkQ=="
    },
    "node_modules/@bucketco/node-sdk": {
      "version": "1.0.0",
      "resolved": "https://registry.npmjs.org/@bucketco/node-sdk/-/node-sdk-1.0.0.tgz",
      "integrity": "sha512-8LvphHTCFDsPHWUZ6ubSZtYlol5ZtTZGcsEhwETvGVkP8F+jhQua0nqv/cVzFnltjaE18UAMFRvwcVFHXOwBdw==",
      "dependencies": {
        "@bucketco/flag-evaluation": "~0.0.7"
      }
    },
    "node_modules/@openfeature/core": {
      "version": "1.2.0",
      "resolved": "https://registry.npmjs.org/@openfeature/core/-/core-1.2.0.tgz",
      "integrity": "sha512-JyIiije5f+8Big1xz7UAmxqVmHBuFUI9Dh8DEFG2D1ocgjMm1tEzYXJDr3urCQGNnX9M/cYtNhEcGfyontIgJw==",
      "peer": true
    },
    "node_modules/@openfeature/server-sdk": {
      "version": "1.14.0",
      "resolved": "https://registry.npmjs.org/@openfeature/server-sdk/-/server-sdk-1.14.0.tgz",
      "integrity": "sha512-PGPI6OZdyAy2FZVUiH1suw/WuWZJsIlK2xd1KbRl5rlMLawYk2bKGBGgZYX9rcozsGKOZM6/vaFjCSB6QCjCfw==",
      "peer": true,
      "engines": {
        "node": ">=18"
      },
      "peerDependencies": {
        "@openfeature/core": "1.2.0"
      }
    }
  }
}
